<Solution>
  <Configurations>
    <Platform Name="ARM64" />
    <Platform Name="x64" />
  </Configurations>
  <Project Path="GraphData/GraphData.csproj" Id="f5da2ddb-febf-4ea8-9450-b4faf212015e" />
  <Project Path="GraphSandbox/GraphSandbox.csproj">
    <Platform Solution="*|ARM64" Project="ARM64" />
    <Platform Solution="*|x64" Project="x64" />
    <Deploy />
  </Project>
  <Project Path="GraphSandboxWpf/GraphSandboxWpf.csproj" Id="a3e9a9c2-9dbd-4e80-ae96-9ab1bea797b4" />
</Solution>
